
Microsoft Visual Studio Solution File, Format Version 12.00
# Visual Studio Version 17
VisualStudioVersion = 17.7.34031.279
MinimumVisualStudioVersion = 10.0.40219.1
Project("{8BC9CEB8-8B4A-11D0-8D11-00A0C91BC942}") = "301-if-statement", "301-if-statement\301-if-statement.vcxproj", "{011649AB-722B-4729-954E-0D13727AB0C1}"
EndProject
Project("{8BC9CEB8-8B4A-11D0-8D11-00A0C91BC942}") = "301-if-statement-solution", "301-if-statement-solution\301-if-statement-solution.vcxproj", "{A2EA0B8D-BF0B-4541-8955-996C9B4A356E}"
EndProject
Project("{8BC9CEB8-8B4A-11D0-8D11-00A0C91BC942}") = "303-if-else", "303-if-else\303-if-else.vcxproj", "{03ACFF2F-6BE1-4784-87C0-8691B7C61068}"
EndProject
Project("{8BC9CEB8-8B4A-11D0-8D11-00A0C91BC942}") = "303-if-else-solution", "303-if-else-solution\303-if-else-solution.vcxproj", "{A1C7A059-1938-49D4-8C9F-7D27F77244ED}"
EndProject
Project("{8BC9CEB8-8B4A-11D0-8D11-00A0C91BC942}") = "305-nested-if-statements", "305-nested-if-statements\305-nested-if-statements.vcxproj", "{5BEABDCD-9314-4932-9C68-577DE0CD3808}"
EndProject
Project("{8BC9CEB8-8B4A-11D0-8D11-00A0C91BC942}") = "305-nested-if-statements-solution", "305-nested-if-statements-solution\305-nested-if-statements-solution.vcxproj", "{229EEE03-F574-4578-9D85-C29171E09374}"
EndProject
Project("{8BC9CEB8-8B4A-11D0-8D11-00A0C91BC942}") = "307-if-elseif-else", "307-if-elseif-else\307-if-elseif-else.vcxproj", "{B185158A-90DD-40BE-AF9E-0A9EE56560A9}"
EndProject
Project("{8BC9CEB8-8B4A-11D0-8D11-00A0C91BC942}") = "307-if-elseif-else-solution", "307-if-elseif-else-solution\307-if-elseif-else-solution.vcxproj", "{317E6DB4-3B4E-4283-AD98-64029473D412}"
EndProject
Project("{8BC9CEB8-8B4A-11D0-8D11-00A0C91BC942}") = "309-switch-case", "309-switch-case\309-switch-case.vcxproj", "{A49CAFB3-B247-479A-BCCF-07DA1AC9BA6D}"
EndProject
Project("{8BC9CEB8-8B4A-11D0-8D11-00A0C91BC942}") = "309-switch-case-solution", "309-switch-case-solution\309-switch-case-solution.vcxproj", "{F1D37FAC-1998-4C71-B368-126C4C26D4EA}"
EndProject
Global
	GlobalSection(SolutionConfigurationPlatforms) = preSolution
		Debug|x64 = Debug|x64
		Debug|x86 = Debug|x86
		Release|x64 = Release|x64
		Release|x86 = Release|x86
	EndGlobalSection
	GlobalSection(ProjectConfigurationPlatforms) = postSolution
		{011649AB-722B-4729-954E-0D13727AB0C1}.Debug|x64.ActiveCfg = Debug|x64
		{011649AB-722B-4729-954E-0D13727AB0C1}.Debug|x64.Build.0 = Debug|x64
		{011649AB-722B-4729-954E-0D13727AB0C1}.Debug|x86.ActiveCfg = Debug|Win32
		{011649AB-722B-4729-954E-0D13727AB0C1}.Debug|x86.Build.0 = Debug|Win32
		{011649AB-722B-4729-954E-0D13727AB0C1}.Release|x64.ActiveCfg = Release|x64
		{011649AB-722B-4729-954E-0D13727AB0C1}.Release|x64.Build.0 = Release|x64
		{011649AB-722B-4729-954E-0D13727AB0C1}.Release|x86.ActiveCfg = Release|Win32
		{011649AB-722B-4729-954E-0D13727AB0C1}.Release|x86.Build.0 = Release|Win32
		{A2EA0B8D-BF0B-4541-8955-996C9B4A356E}.Debug|x64.ActiveCfg = Debug|x64
		{A2EA0B8D-BF0B-4541-8955-996C9B4A356E}.Debug|x64.Build.0 = Debug|x64
		{A2EA0B8D-BF0B-4541-8955-996C9B4A356E}.Debug|x86.ActiveCfg = Debug|Win32
		{A2EA0B8D-BF0B-4541-8955-996C9B4A356E}.Debug|x86.Build.0 = Debug|Win32
		{A2EA0B8D-BF0B-4541-8955-996C9B4A356E}.Release|x64.ActiveCfg = Release|x64
		{A2EA0B8D-BF0B-4541-8955-996C9B4A356E}.Release|x64.Build.0 = Release|x64
		{A2EA0B8D-BF0B-4541-8955-996C9B4A356E}.Release|x86.ActiveCfg = Release|Win32
		{A2EA0B8D-BF0B-4541-8955-996C9B4A356E}.Release|x86.Build.0 = Release|Win32
		{03ACFF2F-6BE1-4784-87C0-8691B7C61068}.Debug|x64.ActiveCfg = Debug|x64
		{03ACFF2F-6BE1-4784-87C0-8691B7C61068}.Debug|x64.Build.0 = Debug|x64
		{03ACFF2F-6BE1-4784-87C0-8691B7C61068}.Debug|x86.ActiveCfg = Debug|Win32
		{03ACFF2F-6BE1-4784-87C0-8691B7C61068}.Debug|x86.Build.0 = Debug|Win32
		{03ACFF2F-6BE1-4784-87C0-8691B7C61068}.Release|x64.ActiveCfg = Release|x64
		{03ACFF2F-6BE1-4784-87C0-8691B7C61068}.Release|x64.Build.0 = Release|x64
		{03ACFF2F-6BE1-4784-87C0-8691B7C61068}.Release|x86.ActiveCfg = Release|Win32
		{03ACFF2F-6BE1-4784-87C0-8691B7C61068}.Release|x86.Build.0 = Release|Win32
		{A1C7A059-1938-49D4-8C9F-7D27F77244ED}.Debug|x64.ActiveCfg = Debug|x64
		{A1C7A059-1938-49D4-8C9F-7D27F77244ED}.Debug|x64.Build.0 = Debug|x64
		{A1C7A059-1938-49D4-8C9F-7D27F77244ED}.Debug|x86.ActiveCfg = Debug|Win32
		{A1C7A059-1938-49D4-8C9F-7D27F77244ED}.Debug|x86.Build.0 = Debug|Win32
		{A1C7A059-1938-49D4-8C9F-7D27F77244ED}.Release|x64.ActiveCfg = Release|x64
		{A1C7A059-1938-49D4-8C9F-7D27F77244ED}.Release|x64.Build.0 = Release|x64
		{A1C7A059-1938-49D4-8C9F-7D27F77244ED}.Release|x86.ActiveCfg = Release|Win32
		{A1C7A059-1938-49D4-8C9F-7D27F77244ED}.Release|x86.Build.0 = Release|Win32
		{5BEABDCD-9314-4932-9C68-577DE0CD3808}.Debug|x64.ActiveCfg = Debug|x64
		{5BEABDCD-9314-4932-9C68-577DE0CD3808}.Debug|x64.Build.0 = Debug|x64
		{5BEABDCD-9314-4932-9C68-577DE0CD3808}.Debug|x86.ActiveCfg = Debug|Win32
		{5BEABDCD-9314-4932-9C68-577DE0CD3808}.Debug|x86.Build.0 = Debug|Win32
		{5BEABDCD-9314-4932-9C68-577DE0CD3808}.Release|x64.ActiveCfg = Release|x64
		{5BEABDCD-9314-4932-9C68-577DE0CD3808}.Release|x64.Build.0 = Release|x64
		{5BEABDCD-9314-4932-9C68-577DE0CD3808}.Release|x86.ActiveCfg = Release|Win32
		{5BEABDCD-9314-4932-9C68-577DE0CD3808}.Release|x86.Build.0 = Release|Win32
		{229EEE03-F574-4578-9D85-C29171E09374}.Debug|x64.ActiveCfg = Debug|x64
		{229EEE03-F574-4578-9D85-C29171E09374}.Debug|x64.Build.0 = Debug|x64
		{229EEE03-F574-4578-9D85-C29171E09374}.Debug|x86.ActiveCfg = Debug|Win32
		{229EEE03-F574-4578-9D85-C29171E09374}.Debug|x86.Build.0 = Debug|Win32
		{229EEE03-F574-4578-9D85-C29171E09374}.Release|x64.ActiveCfg = Release|x64
		{229EEE03-F574-4578-9D85-C29171E09374}.Release|x64.Build.0 = Release|x64
		{229EEE03-F574-4578-9D85-C29171E09374}.Release|x86.ActiveCfg = Release|Win32
		{229EEE03-F574-4578-9D85-C29171E09374}.Release|x86.Build.0 = Release|Win32
		{B185158A-90DD-40BE-AF9E-0A9EE56560A9}.Debug|x64.ActiveCfg = Debug|x64
		{B185158A-90DD-40BE-AF9E-0A9EE56560A9}.Debug|x64.Build.0 = Debug|x64
		{B185158A-90DD-40BE-AF9E-0A9EE56560A9}.Debug|x86.ActiveCfg = Debug|Win32
		{B185158A-90DD-40BE-AF9E-0A9EE56560A9}.Debug|x86.Build.0 = Debug|Win32
		{B185158A-90DD-40BE-AF9E-0A9EE56560A9}.Release|x64.ActiveCfg = Release|x64
		{B185158A-90DD-40BE-AF9E-0A9EE56560A9}.Release|x64.Build.0 = Release|x64
		{B185158A-90DD-40BE-AF9E-0A9EE56560A9}.Release|x86.ActiveCfg = Release|Win32
		{B185158A-90DD-40BE-AF9E-0A9EE56560A9}.Release|x86.Build.0 = Release|Win32
		{317E6DB4-3B4E-4283-AD98-64029473D412}.Debug|x64.ActiveCfg = Debug|x64
		{317E6DB4-3B4E-4283-AD98-64029473D412}.Debug|x64.Build.0 = Debug|x64
		{317E6DB4-3B4E-4283-AD98-64029473D412}.Debug|x86.ActiveCfg = Debug|Win32
		{317E6DB4-3B4E-4283-AD98-64029473D412}.Debug|x86.Build.0 = Debug|Win32
		{317E6DB4-3B4E-4283-AD98-64029473D412}.Release|x64.ActiveCfg = Release|x64
		{317E6DB4-3B4E-4283-AD98-64029473D412}.Release|x64.Build.0 = Release|x64
		{317E6DB4-3B4E-4283-AD98-64029473D412}.Release|x86.ActiveCfg = Release|Win32
		{317E6DB4-3B4E-4283-AD98-64029473D412}.Release|x86.Build.0 = Release|Win32
		{A49CAFB3-B247-479A-BCCF-07DA1AC9BA6D}.Debug|x64.ActiveCfg = Debug|x64
		{A49CAFB3-B247-479A-BCCF-07DA1AC9BA6D}.Debug|x64.Build.0 = Debug|x64
		{A49CAFB3-B247-479A-BCCF-07DA1AC9BA6D}.Debug|x86.ActiveCfg = Debug|Win32
		{A49CAFB3-B247-479A-BCCF-07DA1AC9BA6D}.Debug|x86.Build.0 = Debug|Win32
		{A49CAFB3-B247-479A-BCCF-07DA1AC9BA6D}.Release|x64.ActiveCfg = Release|x64
		{A49CAFB3-B247-479A-BCCF-07DA1AC9BA6D}.Release|x64.Build.0 = Release|x64
		{A49CAFB3-B247-479A-BCCF-07DA1AC9BA6D}.Release|x86.ActiveCfg = Release|Win32
		{A49CAFB3-B247-479A-BCCF-07DA1AC9BA6D}.Release|x86.Build.0 = Release|Win32
		{F1D37FAC-1998-4C71-B368-126C4C26D4EA}.Debug|x64.ActiveCfg = Debug|x64
		{F1D37FAC-1998-4C71-B368-126C4C26D4EA}.Debug|x64.Build.0 = Debug|x64
		{F1D37FAC-1998-4C71-B368-126C4C26D4EA}.Debug|x86.ActiveCfg = Debug|Win32
		{F1D37FAC-1998-4C71-B368-126C4C26D4EA}.Debug|x86.Build.0 = Debug|Win32
		{F1D37FAC-1998-4C71-B368-126C4C26D4EA}.Release|x64.ActiveCfg = Release|x64
		{F1D37FAC-1998-4C71-B368-126C4C26D4EA}.Release|x64.Build.0 = Release|x64
		{F1D37FAC-1998-4C71-B368-126C4C26D4EA}.Release|x86.ActiveCfg = Release|Win32
		{F1D37FAC-1998-4C71-B368-126C4C26D4EA}.Release|x86.Build.0 = Release|Win32
	EndGlobalSection
	GlobalSection(SolutionProperties) = preSolution
		HideSolutionNode = FALSE
	EndGlobalSection
	GlobalSection(ExtensibilityGlobals) = postSolution
		SolutionGuid = {5AC66EDD-7387-4A00-96F4-4231698D3205}
	EndGlobalSection
EndGlobal
