
Microsoft Visual Studio Solution File, Format Version 12.00
# Visual Studio Version 17
VisualStudioVersion = 17.7.34221.43
MinimumVisualStudioVersion = 10.0.40219.1
Project("{8BC9CEB8-8B4A-11D0-8D11-00A0C91BC942}") = "01-Inheritance_and_Protection", "01-Inheritance_and_Protection\01-Inheritance_and_Protection.vcxproj", "{6597741A-7D15-4723-BFDD-F6DC474FA031}"
EndProject
Project("{8BC9CEB8-8B4A-11D0-8D11-00A0C91BC942}") = "01-Inheritance_and_Protection-solution", "01-Inheritance_and_Protection-solution\01-Inheritance_and_Protection-solution.vcxproj", "{ED442977-DC0F-46DF-9886-D47504114FD5}"
EndProject
Project("{8BC9CEB8-8B4A-11D0-8D11-00A0C91BC942}") = "02-OverridingBehaviour", "02-OverridingBehaviour\02-OverridingBehaviour.vcxproj", "{9C63A62C-8A37-4C52-9987-D1B93848A200}"
EndProject
Project("{8BC9CEB8-8B4A-11D0-8D11-00A0C91BC942}") = "02-OverridingBehaviour-solution", "02-OverridingBehaviour-solution\02-OverridingBehaviour-solution.vcxproj", "{8ABBA057-D96E-45AA-B1AC-5DDA974CFEC7}"
EndProject
Project("{8BC9CEB8-8B4A-11D0-8D11-00A0C91BC942}") = "04-CompositionAsAlternative", "04-CompositionAsAlternative\04-CompositionAsAlternative.vcxproj", "{A6EB4610-8350-4A40-A047-AA37552BC458}"
EndProject
Project("{8BC9CEB8-8B4A-11D0-8D11-00A0C91BC942}") = "06-FunctionOverloading", "06-FunctionOverride\06-FunctionOverride.vcxproj", "{006A7B9C-C16A-415A-8601-5BDEBD34BC71}"
EndProject
Project("{8BC9CEB8-8B4A-11D0-8D11-00A0C91BC942}") = "06-FunctionOverloading-solution", "06-FunctionOverride-solution\06-FunctionOverride-solution.vcxproj", "{A8D790E0-9B3B-4B6E-B2D2-894D4B14C457}"
EndProject
Project("{8BC9CEB8-8B4A-11D0-8D11-00A0C91BC942}") = "08-OperatorOverloading", "08-OperatorOverloading\08-OperatorOverloading.vcxproj", "{A78DB1B6-AE5A-4DF9-990D-82BE46FB790F}"
EndProject
Global
	GlobalSection(SolutionConfigurationPlatforms) = preSolution
		Debug|x64 = Debug|x64
		Debug|x86 = Debug|x86
		Release|x64 = Release|x64
		Release|x86 = Release|x86
	EndGlobalSection
	GlobalSection(ProjectConfigurationPlatforms) = postSolution
		{6597741A-7D15-4723-BFDD-F6DC474FA031}.Debug|x64.ActiveCfg = Debug|x64
		{6597741A-7D15-4723-BFDD-F6DC474FA031}.Debug|x64.Build.0 = Debug|x64
		{6597741A-7D15-4723-BFDD-F6DC474FA031}.Debug|x86.ActiveCfg = Debug|Win32
		{6597741A-7D15-4723-BFDD-F6DC474FA031}.Debug|x86.Build.0 = Debug|Win32
		{6597741A-7D15-4723-BFDD-F6DC474FA031}.Release|x64.ActiveCfg = Release|x64
		{6597741A-7D15-4723-BFDD-F6DC474FA031}.Release|x64.Build.0 = Release|x64
		{6597741A-7D15-4723-BFDD-F6DC474FA031}.Release|x86.ActiveCfg = Release|Win32
		{6597741A-7D15-4723-BFDD-F6DC474FA031}.Release|x86.Build.0 = Release|Win32
		{ED442977-DC0F-46DF-9886-D47504114FD5}.Debug|x64.ActiveCfg = Debug|x64
		{ED442977-DC0F-46DF-9886-D47504114FD5}.Debug|x64.Build.0 = Debug|x64
		{ED442977-DC0F-46DF-9886-D47504114FD5}.Debug|x86.ActiveCfg = Debug|Win32
		{ED442977-DC0F-46DF-9886-D47504114FD5}.Debug|x86.Build.0 = Debug|Win32
		{ED442977-DC0F-46DF-9886-D47504114FD5}.Release|x64.ActiveCfg = Release|x64
		{ED442977-DC0F-46DF-9886-D47504114FD5}.Release|x64.Build.0 = Release|x64
		{ED442977-DC0F-46DF-9886-D47504114FD5}.Release|x86.ActiveCfg = Release|Win32
		{ED442977-DC0F-46DF-9886-D47504114FD5}.Release|x86.Build.0 = Release|Win32
		{9C63A62C-8A37-4C52-9987-D1B93848A200}.Debug|x64.ActiveCfg = Debug|x64
		{9C63A62C-8A37-4C52-9987-D1B93848A200}.Debug|x64.Build.0 = Debug|x64
		{9C63A62C-8A37-4C52-9987-D1B93848A200}.Debug|x86.ActiveCfg = Debug|Win32
		{9C63A62C-8A37-4C52-9987-D1B93848A200}.Debug|x86.Build.0 = Debug|Win32
		{9C63A62C-8A37-4C52-9987-D1B93848A200}.Release|x64.ActiveCfg = Release|x64
		{9C63A62C-8A37-4C52-9987-D1B93848A200}.Release|x64.Build.0 = Release|x64
		{9C63A62C-8A37-4C52-9987-D1B93848A200}.Release|x86.ActiveCfg = Release|Win32
		{9C63A62C-8A37-4C52-9987-D1B93848A200}.Release|x86.Build.0 = Release|Win32
		{8ABBA057-D96E-45AA-B1AC-5DDA974CFEC7}.Debug|x64.ActiveCfg = Debug|x64
		{8ABBA057-D96E-45AA-B1AC-5DDA974CFEC7}.Debug|x64.Build.0 = Debug|x64
		{8ABBA057-D96E-45AA-B1AC-5DDA974CFEC7}.Debug|x86.ActiveCfg = Debug|Win32
		{8ABBA057-D96E-45AA-B1AC-5DDA974CFEC7}.Debug|x86.Build.0 = Debug|Win32
		{8ABBA057-D96E-45AA-B1AC-5DDA974CFEC7}.Release|x64.ActiveCfg = Release|x64
		{8ABBA057-D96E-45AA-B1AC-5DDA974CFEC7}.Release|x64.Build.0 = Release|x64
		{8ABBA057-D96E-45AA-B1AC-5DDA974CFEC7}.Release|x86.ActiveCfg = Release|Win32
		{8ABBA057-D96E-45AA-B1AC-5DDA974CFEC7}.Release|x86.Build.0 = Release|Win32
		{A6EB4610-8350-4A40-A047-AA37552BC458}.Debug|x64.ActiveCfg = Debug|x64
		{A6EB4610-8350-4A40-A047-AA37552BC458}.Debug|x64.Build.0 = Debug|x64
		{A6EB4610-8350-4A40-A047-AA37552BC458}.Debug|x86.ActiveCfg = Debug|Win32
		{A6EB4610-8350-4A40-A047-AA37552BC458}.Debug|x86.Build.0 = Debug|Win32
		{A6EB4610-8350-4A40-A047-AA37552BC458}.Release|x64.ActiveCfg = Release|x64
		{A6EB4610-8350-4A40-A047-AA37552BC458}.Release|x64.Build.0 = Release|x64
		{A6EB4610-8350-4A40-A047-AA37552BC458}.Release|x86.ActiveCfg = Release|Win32
		{A6EB4610-8350-4A40-A047-AA37552BC458}.Release|x86.Build.0 = Release|Win32
		{006A7B9C-C16A-415A-8601-5BDEBD34BC71}.Debug|x64.ActiveCfg = Debug|x64
		{006A7B9C-C16A-415A-8601-5BDEBD34BC71}.Debug|x64.Build.0 = Debug|x64
		{006A7B9C-C16A-415A-8601-5BDEBD34BC71}.Debug|x86.ActiveCfg = Debug|Win32
		{006A7B9C-C16A-415A-8601-5BDEBD34BC71}.Debug|x86.Build.0 = Debug|Win32
		{006A7B9C-C16A-415A-8601-5BDEBD34BC71}.Release|x64.ActiveCfg = Release|x64
		{006A7B9C-C16A-415A-8601-5BDEBD34BC71}.Release|x64.Build.0 = Release|x64
		{006A7B9C-C16A-415A-8601-5BDEBD34BC71}.Release|x86.ActiveCfg = Release|Win32
		{006A7B9C-C16A-415A-8601-5BDEBD34BC71}.Release|x86.Build.0 = Release|Win32
		{A8D790E0-9B3B-4B6E-B2D2-894D4B14C457}.Debug|x64.ActiveCfg = Debug|x64
		{A8D790E0-9B3B-4B6E-B2D2-894D4B14C457}.Debug|x64.Build.0 = Debug|x64
		{A8D790E0-9B3B-4B6E-B2D2-894D4B14C457}.Debug|x86.ActiveCfg = Debug|Win32
		{A8D790E0-9B3B-4B6E-B2D2-894D4B14C457}.Debug|x86.Build.0 = Debug|Win32
		{A8D790E0-9B3B-4B6E-B2D2-894D4B14C457}.Release|x64.ActiveCfg = Release|x64
		{A8D790E0-9B3B-4B6E-B2D2-894D4B14C457}.Release|x64.Build.0 = Release|x64
		{A8D790E0-9B3B-4B6E-B2D2-894D4B14C457}.Release|x86.ActiveCfg = Release|Win32
		{A8D790E0-9B3B-4B6E-B2D2-894D4B14C457}.Release|x86.Build.0 = Release|Win32
		{A78DB1B6-AE5A-4DF9-990D-82BE46FB790F}.Debug|x64.ActiveCfg = Debug|x64
		{A78DB1B6-AE5A-4DF9-990D-82BE46FB790F}.Debug|x64.Build.0 = Debug|x64
		{A78DB1B6-AE5A-4DF9-990D-82BE46FB790F}.Debug|x86.ActiveCfg = Debug|Win32
		{A78DB1B6-AE5A-4DF9-990D-82BE46FB790F}.Debug|x86.Build.0 = Debug|Win32
		{A78DB1B6-AE5A-4DF9-990D-82BE46FB790F}.Release|x64.ActiveCfg = Release|x64
		{A78DB1B6-AE5A-4DF9-990D-82BE46FB790F}.Release|x64.Build.0 = Release|x64
		{A78DB1B6-AE5A-4DF9-990D-82BE46FB790F}.Release|x86.ActiveCfg = Release|Win32
		{A78DB1B6-AE5A-4DF9-990D-82BE46FB790F}.Release|x86.Build.0 = Release|Win32
	EndGlobalSection
	GlobalSection(SolutionProperties) = preSolution
		HideSolutionNode = FALSE
	EndGlobalSection
	GlobalSection(ExtensibilityGlobals) = postSolution
		SolutionGuid = {19539701-75EC-491A-8342-3DC4E46C5E2F}
	EndGlobalSection
EndGlobal
