
Microsoft Visual Studio Solution File, Format Version 12.00
# Visual Studio Version 17
VisualStudioVersion = 17.7.34024.191
MinimumVisualStudioVersion = 10.0.40219.1
Project("{8BC9CEB8-8B4A-11D0-8D11-00A0C91BC942}") = "103-WritingToTheConsole", "101-WritingToTheConsole\101-WritingToTheConsole.vcxproj", "{CA195B56-3726-49D9-91EB-3DF826229840}"
EndProject
Project("{8BC9CEB8-8B4A-11D0-8D11-00A0C91BC942}") = "109-IntegerArithmetic", "101-Variables\101-Variables.vcxproj", "{5E972D2F-3B27-4122-97D5-1C6EFA2C2330}"
EndProject
Project("{8BC9CEB8-8B4A-11D0-8D11-00A0C91BC942}") = "107-ReadingTheKeyboardWithGetChar", "107-ReadingTheKeyboard\107-ReadingTheKeyboard.vcxproj", "{74C01BBB-22C3-496F-A2F5-2905836F61A4}"
EndProject
Project("{8BC9CEB8-8B4A-11D0-8D11-00A0C91BC942}") = "101-HelloWorld", "101-HelloWorld\101-HelloWorld.vcxproj", "{384EC8D9-A178-4B85-B8D4-12490D8FC2A2}"
EndProject
Project("{8BC9CEB8-8B4A-11D0-8D11-00A0C91BC942}") = "101-HelloWorld-Solution", "101-HelloWorld-Solution\101-HelloWorld-Solution.vcxproj", "{25B13C93-F3FB-4DC9-B32F-66A889969AFC}"
EndProject
Project("{8BC9CEB8-8B4A-11D0-8D11-00A0C91BC942}") = "103-WritingToTheConsole-Solution", "103-WritingToTheConsole-Solution\103-WritingToTheConsole-Solution.vcxproj", "{E3FEEC91-F76D-4578-A642-405ED8A8B799}"
EndProject
Project("{8BC9CEB8-8B4A-11D0-8D11-00A0C91BC942}") = "105-WritingToTheConsoleWithC++", "105-WritingToTheConsoleWithC++\105-WritingToTheConsoleWithC++.vcxproj", "{D465B0C3-9196-4531-BB4F-EA7DC37DC3B2}"
EndProject
Project("{8BC9CEB8-8B4A-11D0-8D11-00A0C91BC942}") = "111-shiftingbits", "111-shiftingbits\111-shiftingbits.vcxproj", "{A67DEDB3-87B1-44B4-ACB2-992A5A1D250D}"
EndProject
Project("{8BC9CEB8-8B4A-11D0-8D11-00A0C91BC942}") = "113-sizeof", "113-sizeof\113-sizeof.vcxproj", "{FA4E99B6-C89F-46DA-9DDA-DC95B8C558AF}"
EndProject
Project("{8BC9CEB8-8B4A-11D0-8D11-00A0C91BC942}") = "113-sizeof-solution", "113-sizeof-solution\113-sizeof-solution.vcxproj", "{87A8A51D-BDBE-4A3D-83C0-D8F8E32E707B}"
EndProject
Project("{8BC9CEB8-8B4A-11D0-8D11-00A0C91BC942}") = "115-floatingpoint", "115-floatingpoint\115-floatingpoint.vcxproj", "{0B12244E-62B9-4FB9-8D6D-531215C2F603}"
EndProject
Project("{8BC9CEB8-8B4A-11D0-8D11-00A0C91BC942}") = "117-typecasting", "117-typecasting\117-typecasting.vcxproj", "{1A7A3BF8-DD89-48F9-9E03-7355A9C7145E}"
EndProject
Project("{8BC9CEB8-8B4A-11D0-8D11-00A0C91BC942}") = "119-lookingatmemory", "119-lookingatmemory\lookingatmemory.vcxproj", "{726A3BC9-9521-40DB-8B61-F86DE270BD53}"
EndProject
Project("{8BC9CEB8-8B4A-11D0-8D11-00A0C91BC942}") = "121-scanf", "121-scanf\scanf.vcxproj", "{4FF12DB2-2091-4817-80D2-F5B2B2871894}"
EndProject
Global
	GlobalSection(SolutionConfigurationPlatforms) = preSolution
		Debug|x64 = Debug|x64
		Debug|x86 = Debug|x86
		Release|x64 = Release|x64
		Release|x86 = Release|x86
	EndGlobalSection
	GlobalSection(ProjectConfigurationPlatforms) = postSolution
		{CA195B56-3726-49D9-91EB-3DF826229840}.Debug|x64.ActiveCfg = Debug|x64
		{CA195B56-3726-49D9-91EB-3DF826229840}.Debug|x64.Build.0 = Debug|x64
		{CA195B56-3726-49D9-91EB-3DF826229840}.Debug|x86.ActiveCfg = Debug|Win32
		{CA195B56-3726-49D9-91EB-3DF826229840}.Debug|x86.Build.0 = Debug|Win32
		{CA195B56-3726-49D9-91EB-3DF826229840}.Release|x64.ActiveCfg = Release|x64
		{CA195B56-3726-49D9-91EB-3DF826229840}.Release|x64.Build.0 = Release|x64
		{CA195B56-3726-49D9-91EB-3DF826229840}.Release|x86.ActiveCfg = Release|Win32
		{CA195B56-3726-49D9-91EB-3DF826229840}.Release|x86.Build.0 = Release|Win32
		{5E972D2F-3B27-4122-97D5-1C6EFA2C2330}.Debug|x64.ActiveCfg = Debug|x64
		{5E972D2F-3B27-4122-97D5-1C6EFA2C2330}.Debug|x64.Build.0 = Debug|x64
		{5E972D2F-3B27-4122-97D5-1C6EFA2C2330}.Debug|x86.ActiveCfg = Debug|Win32
		{5E972D2F-3B27-4122-97D5-1C6EFA2C2330}.Debug|x86.Build.0 = Debug|Win32
		{5E972D2F-3B27-4122-97D5-1C6EFA2C2330}.Release|x64.ActiveCfg = Release|x64
		{5E972D2F-3B27-4122-97D5-1C6EFA2C2330}.Release|x64.Build.0 = Release|x64
		{5E972D2F-3B27-4122-97D5-1C6EFA2C2330}.Release|x86.ActiveCfg = Release|Win32
		{5E972D2F-3B27-4122-97D5-1C6EFA2C2330}.Release|x86.Build.0 = Release|Win32
		{74C01BBB-22C3-496F-A2F5-2905836F61A4}.Debug|x64.ActiveCfg = Debug|x64
		{74C01BBB-22C3-496F-A2F5-2905836F61A4}.Debug|x64.Build.0 = Debug|x64
		{74C01BBB-22C3-496F-A2F5-2905836F61A4}.Debug|x86.ActiveCfg = Debug|Win32
		{74C01BBB-22C3-496F-A2F5-2905836F61A4}.Debug|x86.Build.0 = Debug|Win32
		{74C01BBB-22C3-496F-A2F5-2905836F61A4}.Release|x64.ActiveCfg = Release|x64
		{74C01BBB-22C3-496F-A2F5-2905836F61A4}.Release|x64.Build.0 = Release|x64
		{74C01BBB-22C3-496F-A2F5-2905836F61A4}.Release|x86.ActiveCfg = Release|Win32
		{74C01BBB-22C3-496F-A2F5-2905836F61A4}.Release|x86.Build.0 = Release|Win32
		{384EC8D9-A178-4B85-B8D4-12490D8FC2A2}.Debug|x64.ActiveCfg = Debug|x64
		{384EC8D9-A178-4B85-B8D4-12490D8FC2A2}.Debug|x64.Build.0 = Debug|x64
		{384EC8D9-A178-4B85-B8D4-12490D8FC2A2}.Debug|x86.ActiveCfg = Debug|Win32
		{384EC8D9-A178-4B85-B8D4-12490D8FC2A2}.Debug|x86.Build.0 = Debug|Win32
		{384EC8D9-A178-4B85-B8D4-12490D8FC2A2}.Release|x64.ActiveCfg = Release|x64
		{384EC8D9-A178-4B85-B8D4-12490D8FC2A2}.Release|x64.Build.0 = Release|x64
		{384EC8D9-A178-4B85-B8D4-12490D8FC2A2}.Release|x86.ActiveCfg = Release|Win32
		{384EC8D9-A178-4B85-B8D4-12490D8FC2A2}.Release|x86.Build.0 = Release|Win32
		{25B13C93-F3FB-4DC9-B32F-66A889969AFC}.Debug|x64.ActiveCfg = Debug|x64
		{25B13C93-F3FB-4DC9-B32F-66A889969AFC}.Debug|x64.Build.0 = Debug|x64
		{25B13C93-F3FB-4DC9-B32F-66A889969AFC}.Debug|x86.ActiveCfg = Debug|Win32
		{25B13C93-F3FB-4DC9-B32F-66A889969AFC}.Debug|x86.Build.0 = Debug|Win32
		{25B13C93-F3FB-4DC9-B32F-66A889969AFC}.Release|x64.ActiveCfg = Release|x64
		{25B13C93-F3FB-4DC9-B32F-66A889969AFC}.Release|x64.Build.0 = Release|x64
		{25B13C93-F3FB-4DC9-B32F-66A889969AFC}.Release|x86.ActiveCfg = Release|Win32
		{25B13C93-F3FB-4DC9-B32F-66A889969AFC}.Release|x86.Build.0 = Release|Win32
		{E3FEEC91-F76D-4578-A642-405ED8A8B799}.Debug|x64.ActiveCfg = Debug|x64
		{E3FEEC91-F76D-4578-A642-405ED8A8B799}.Debug|x64.Build.0 = Debug|x64
		{E3FEEC91-F76D-4578-A642-405ED8A8B799}.Debug|x86.ActiveCfg = Debug|Win32
		{E3FEEC91-F76D-4578-A642-405ED8A8B799}.Debug|x86.Build.0 = Debug|Win32
		{E3FEEC91-F76D-4578-A642-405ED8A8B799}.Release|x64.ActiveCfg = Release|x64
		{E3FEEC91-F76D-4578-A642-405ED8A8B799}.Release|x64.Build.0 = Release|x64
		{E3FEEC91-F76D-4578-A642-405ED8A8B799}.Release|x86.ActiveCfg = Release|Win32
		{E3FEEC91-F76D-4578-A642-405ED8A8B799}.Release|x86.Build.0 = Release|Win32
		{D465B0C3-9196-4531-BB4F-EA7DC37DC3B2}.Debug|x64.ActiveCfg = Debug|x64
		{D465B0C3-9196-4531-BB4F-EA7DC37DC3B2}.Debug|x64.Build.0 = Debug|x64
		{D465B0C3-9196-4531-BB4F-EA7DC37DC3B2}.Debug|x86.ActiveCfg = Debug|Win32
		{D465B0C3-9196-4531-BB4F-EA7DC37DC3B2}.Debug|x86.Build.0 = Debug|Win32
		{D465B0C3-9196-4531-BB4F-EA7DC37DC3B2}.Release|x64.ActiveCfg = Release|x64
		{D465B0C3-9196-4531-BB4F-EA7DC37DC3B2}.Release|x64.Build.0 = Release|x64
		{D465B0C3-9196-4531-BB4F-EA7DC37DC3B2}.Release|x86.ActiveCfg = Release|Win32
		{D465B0C3-9196-4531-BB4F-EA7DC37DC3B2}.Release|x86.Build.0 = Release|Win32
		{A67DEDB3-87B1-44B4-ACB2-992A5A1D250D}.Debug|x64.ActiveCfg = Debug|x64
		{A67DEDB3-87B1-44B4-ACB2-992A5A1D250D}.Debug|x64.Build.0 = Debug|x64
		{A67DEDB3-87B1-44B4-ACB2-992A5A1D250D}.Debug|x86.ActiveCfg = Debug|Win32
		{A67DEDB3-87B1-44B4-ACB2-992A5A1D250D}.Debug|x86.Build.0 = Debug|Win32
		{A67DEDB3-87B1-44B4-ACB2-992A5A1D250D}.Release|x64.ActiveCfg = Release|x64
		{A67DEDB3-87B1-44B4-ACB2-992A5A1D250D}.Release|x64.Build.0 = Release|x64
		{A67DEDB3-87B1-44B4-ACB2-992A5A1D250D}.Release|x86.ActiveCfg = Release|Win32
		{A67DEDB3-87B1-44B4-ACB2-992A5A1D250D}.Release|x86.Build.0 = Release|Win32
		{FA4E99B6-C89F-46DA-9DDA-DC95B8C558AF}.Debug|x64.ActiveCfg = Debug|x64
		{FA4E99B6-C89F-46DA-9DDA-DC95B8C558AF}.Debug|x64.Build.0 = Debug|x64
		{FA4E99B6-C89F-46DA-9DDA-DC95B8C558AF}.Debug|x86.ActiveCfg = Debug|Win32
		{FA4E99B6-C89F-46DA-9DDA-DC95B8C558AF}.Debug|x86.Build.0 = Debug|Win32
		{FA4E99B6-C89F-46DA-9DDA-DC95B8C558AF}.Release|x64.ActiveCfg = Release|x64
		{FA4E99B6-C89F-46DA-9DDA-DC95B8C558AF}.Release|x64.Build.0 = Release|x64
		{FA4E99B6-C89F-46DA-9DDA-DC95B8C558AF}.Release|x86.ActiveCfg = Release|Win32
		{FA4E99B6-C89F-46DA-9DDA-DC95B8C558AF}.Release|x86.Build.0 = Release|Win32
		{87A8A51D-BDBE-4A3D-83C0-D8F8E32E707B}.Debug|x64.ActiveCfg = Debug|x64
		{87A8A51D-BDBE-4A3D-83C0-D8F8E32E707B}.Debug|x64.Build.0 = Debug|x64
		{87A8A51D-BDBE-4A3D-83C0-D8F8E32E707B}.Debug|x86.ActiveCfg = Debug|Win32
		{87A8A51D-BDBE-4A3D-83C0-D8F8E32E707B}.Debug|x86.Build.0 = Debug|Win32
		{87A8A51D-BDBE-4A3D-83C0-D8F8E32E707B}.Release|x64.ActiveCfg = Release|x64
		{87A8A51D-BDBE-4A3D-83C0-D8F8E32E707B}.Release|x64.Build.0 = Release|x64
		{87A8A51D-BDBE-4A3D-83C0-D8F8E32E707B}.Release|x86.ActiveCfg = Release|Win32
		{87A8A51D-BDBE-4A3D-83C0-D8F8E32E707B}.Release|x86.Build.0 = Release|Win32
		{0B12244E-62B9-4FB9-8D6D-531215C2F603}.Debug|x64.ActiveCfg = Debug|x64
		{0B12244E-62B9-4FB9-8D6D-531215C2F603}.Debug|x64.Build.0 = Debug|x64
		{0B12244E-62B9-4FB9-8D6D-531215C2F603}.Debug|x86.ActiveCfg = Debug|Win32
		{0B12244E-62B9-4FB9-8D6D-531215C2F603}.Debug|x86.Build.0 = Debug|Win32
		{0B12244E-62B9-4FB9-8D6D-531215C2F603}.Release|x64.ActiveCfg = Release|x64
		{0B12244E-62B9-4FB9-8D6D-531215C2F603}.Release|x64.Build.0 = Release|x64
		{0B12244E-62B9-4FB9-8D6D-531215C2F603}.Release|x86.ActiveCfg = Release|Win32
		{0B12244E-62B9-4FB9-8D6D-531215C2F603}.Release|x86.Build.0 = Release|Win32
		{1A7A3BF8-DD89-48F9-9E03-7355A9C7145E}.Debug|x64.ActiveCfg = Debug|x64
		{1A7A3BF8-DD89-48F9-9E03-7355A9C7145E}.Debug|x64.Build.0 = Debug|x64
		{1A7A3BF8-DD89-48F9-9E03-7355A9C7145E}.Debug|x86.ActiveCfg = Debug|Win32
		{1A7A3BF8-DD89-48F9-9E03-7355A9C7145E}.Debug|x86.Build.0 = Debug|Win32
		{1A7A3BF8-DD89-48F9-9E03-7355A9C7145E}.Release|x64.ActiveCfg = Release|x64
		{1A7A3BF8-DD89-48F9-9E03-7355A9C7145E}.Release|x64.Build.0 = Release|x64
		{1A7A3BF8-DD89-48F9-9E03-7355A9C7145E}.Release|x86.ActiveCfg = Release|Win32
		{1A7A3BF8-DD89-48F9-9E03-7355A9C7145E}.Release|x86.Build.0 = Release|Win32
		{726A3BC9-9521-40DB-8B61-F86DE270BD53}.Debug|x64.ActiveCfg = Debug|x64
		{726A3BC9-9521-40DB-8B61-F86DE270BD53}.Debug|x64.Build.0 = Debug|x64
		{726A3BC9-9521-40DB-8B61-F86DE270BD53}.Debug|x86.ActiveCfg = Debug|Win32
		{726A3BC9-9521-40DB-8B61-F86DE270BD53}.Debug|x86.Build.0 = Debug|Win32
		{726A3BC9-9521-40DB-8B61-F86DE270BD53}.Release|x64.ActiveCfg = Release|x64
		{726A3BC9-9521-40DB-8B61-F86DE270BD53}.Release|x64.Build.0 = Release|x64
		{726A3BC9-9521-40DB-8B61-F86DE270BD53}.Release|x86.ActiveCfg = Release|Win32
		{726A3BC9-9521-40DB-8B61-F86DE270BD53}.Release|x86.Build.0 = Release|Win32
		{4FF12DB2-2091-4817-80D2-F5B2B2871894}.Debug|x64.ActiveCfg = Debug|x64
		{4FF12DB2-2091-4817-80D2-F5B2B2871894}.Debug|x64.Build.0 = Debug|x64
		{4FF12DB2-2091-4817-80D2-F5B2B2871894}.Debug|x86.ActiveCfg = Debug|Win32
		{4FF12DB2-2091-4817-80D2-F5B2B2871894}.Debug|x86.Build.0 = Debug|Win32
		{4FF12DB2-2091-4817-80D2-F5B2B2871894}.Release|x64.ActiveCfg = Release|x64
		{4FF12DB2-2091-4817-80D2-F5B2B2871894}.Release|x64.Build.0 = Release|x64
		{4FF12DB2-2091-4817-80D2-F5B2B2871894}.Release|x86.ActiveCfg = Release|Win32
		{4FF12DB2-2091-4817-80D2-F5B2B2871894}.Release|x86.Build.0 = Release|Win32
	EndGlobalSection
	GlobalSection(SolutionProperties) = preSolution
		HideSolutionNode = FALSE
	EndGlobalSection
	GlobalSection(ExtensibilityGlobals) = postSolution
		SolutionGuid = {B36A3E1D-2C4E-48A9-B7EF-D24D410A9F00}
	EndGlobalSection
EndGlobal
